
Microsoft Visual Studio Solution File, Format Version 12.00
# Visual Studio Version 17
VisualStudioVersion = 17.10.35122.118
MinimumVisualStudioVersion = 10.0.40219.1
Project("{FAE04EC0-301F-11D3-BF4B-00C04F79EFBC}") = "BlogManagementAPI", "BlogManagementAPI\BlogManagementAPI.csproj", "{6D900793-92ED-4991-9FD8-BA524943EDFC}"
EndProject
Global
	GlobalSection(SolutionConfigurationPlatforms) = preSolution
		Debug|Any CPU = Debug|Any CPU
		Release|Any CPU = Release|Any CPU
	EndGlobalSection
	GlobalSection(ProjectConfigurationPlatforms) = postSolution
		{6D900793-92ED-4991-9FD8-BA524943EDFC}.Debug|Any CPU.ActiveCfg = Debug|Any CPU
		{6D900793-92ED-4991-9FD8-BA524943EDFC}.Debug|Any CPU.Build.0 = Debug|Any CPU
		{6D900793-92ED-4991-9FD8-BA524943EDFC}.Release|Any CPU.ActiveCfg = Release|Any CPU
		{6D900793-92ED-4991-9FD8-BA524943EDFC}.Release|Any CPU.Build.0 = Release|Any CPU
	EndGlobalSection
	GlobalSection(SolutionProperties) = preSolution
		HideSolutionNode = FALSE
	EndGlobalSection
	GlobalSection(ExtensibilityGlobals) = postSolution
		SolutionGuid = {9D172D6F-9DB2-4977-9BEA-EFA093D5E3C9}
	EndGlobalSection
EndGlobal
